
Microsoft Visual Studio Solution File, Format Version 12.00
# Visual Studio Version 16
VisualStudioVersion = 16.0.29728.190
MinimumVisualStudioVersion = 10.0.40219.1
Project("{8BC9CEB8-8B4A-11D0-8D11-00A0C91BC942}") = "FunctionRepresentation", "FunctionRepresentation\FunctionRepresentation.vcxproj", "{9F485594-CB7D-4380-B389-B41953B64E99}"
EndProject
Global
	GlobalSection(SolutionConfigurationPlatforms) = preSolution
		Debug|x64 = Debug|x64
		Debug|x86 = Debug|x86
		Release|x64 = Release|x64
		Release|x86 = Release|x86
	EndGlobalSection
	GlobalSection(ProjectConfigurationPlatforms) = postSolution
		{9F485594-CB7D-4380-B389-B41953B64E99}.Debug|x64.ActiveCfg = Debug|x64
		{9F485594-CB7D-4380-B389-B41953B64E99}.Debug|x64.Build.0 = Debug|x64
		{9F485594-CB7D-4380-B389-B41953B64E99}.Debug|x86.ActiveCfg = Debug|Win32
		{9F485594-CB7D-4380-B389-B41953B64E99}.Debug|x86.Build.0 = Debug|Win32
		{9F485594-CB7D-4380-B389-B41953B64E99}.Release|x64.ActiveCfg = Release|x64
		{9F485594-CB7D-4380-B389-B41953B64E99}.Release|x64.Build.0 = Release|x64
		{9F485594-CB7D-4380-B389-B41953B64E99}.Release|x86.ActiveCfg = Release|Win32
		{9F485594-CB7D-4380-B389-B41953B64E99}.Release|x86.Build.0 = Release|Win32
	EndGlobalSection
	GlobalSection(SolutionProperties) = preSolution
		HideSolutionNode = FALSE
	EndGlobalSection
	GlobalSection(ExtensibilityGlobals) = postSolution
		SolutionGuid = {B60FD880-3B43-4202-8AA7-76EB228850A9}
	EndGlobalSection
EndGlobal
